
Microsoft Visual Studio Solution File, Format Version 12.00
# Visual Studio Version 17
VisualStudioVersion = 17.4.33205.214
MinimumVisualStudioVersion = 10.0.40219.1
Project("{9A19103F-16F7-4668-BE54-9A1E7A4F7556}") = "Convertor.Testing", "Convertor.Testing\Convertor.Testing.csproj", "{AAB9D4FA-0CCB-4BA1-A7A5-B590416BCB1F}"
EndProject
Project("{9A19103F-16F7-4668-BE54-9A1E7A4F7556}") = "TextConvert", "LetterConvert\TextConvert.csproj", "{81862104-369A-4BC2-847B-248055CC2F01}"
EndProject
Project("{2150E333-8FDC-42A3-9474-1A3956D46DE8}") = "Solution Items", "Solution Items", "{48BCA8AA-17AE-4131-9029-25C5DF1AEF65}"
	ProjectSection(SolutionItems) = preProject
		.editorconfig = .editorconfig
	EndProjectSection
EndProject
Global
	GlobalSection(SolutionConfigurationPlatforms) = preSolution
		Debug|Any CPU = Debug|Any CPU
		Release|Any CPU = Release|Any CPU
	EndGlobalSection
	GlobalSection(ProjectConfigurationPlatforms) = postSolution
		{AAB9D4FA-0CCB-4BA1-A7A5-B590416BCB1F}.Debug|Any CPU.ActiveCfg = Debug|Any CPU
		{AAB9D4FA-0CCB-4BA1-A7A5-B590416BCB1F}.Debug|Any CPU.Build.0 = Debug|Any CPU
		{AAB9D4FA-0CCB-4BA1-A7A5-B590416BCB1F}.Release|Any CPU.ActiveCfg = Release|Any CPU
		{AAB9D4FA-0CCB-4BA1-A7A5-B590416BCB1F}.Release|Any CPU.Build.0 = Release|Any CPU
		{81862104-369A-4BC2-847B-248055CC2F01}.Debug|Any CPU.ActiveCfg = Debug|Any CPU
		{81862104-369A-4BC2-847B-248055CC2F01}.Debug|Any CPU.Build.0 = Debug|Any CPU
		{81862104-369A-4BC2-847B-248055CC2F01}.Release|Any CPU.ActiveCfg = Release|Any CPU
		{81862104-369A-4BC2-847B-248055CC2F01}.Release|Any CPU.Build.0 = Release|Any CPU
	EndGlobalSection
	GlobalSection(SolutionProperties) = preSolution
		HideSolutionNode = FALSE
	EndGlobalSection
	GlobalSection(ExtensibilityGlobals) = postSolution
		SolutionGuid = {C47CF6CD-5695-4C57-939F-306EE73A54EC}
	EndGlobalSection
EndGlobal
